
Microsoft Visual Studio Solution File, Format Version 12.00
# Visual Studio Version 16
VisualStudioVersion = 16.0.29905.134
MinimumVisualStudioVersion = 10.0.40219.1
Project("{FAE04EC0-301F-11D3-BF4B-00C04F79EFBC}") = "BlazorApp1", "BlazorApp1.csproj", "{8B4292C4-D41C-4695-97FE-7F2812B7D49D}"
EndProject
Global
	GlobalSection(SolutionConfigurationPlatforms) = preSolution
		Debug|Any CPU = Debug|Any CPU
		Release|Any CPU = Release|Any CPU
	EndGlobalSection
	GlobalSection(ProjectConfigurationPlatforms) = postSolution
		{8B4292C4-D41C-4695-97FE-7F2812B7D49D}.Debug|Any CPU.ActiveCfg = Debug|Any CPU
		{8B4292C4-D41C-4695-97FE-7F2812B7D49D}.Debug|Any CPU.Build.0 = Debug|Any CPU
		{8B4292C4-D41C-4695-97FE-7F2812B7D49D}.Release|Any CPU.ActiveCfg = Release|Any CPU
		{8B4292C4-D41C-4695-97FE-7F2812B7D49D}.Release|Any CPU.Build.0 = Release|Any CPU
	EndGlobalSection
	GlobalSection(SolutionProperties) = preSolution
		HideSolutionNode = FALSE
	EndGlobalSection
	GlobalSection(ExtensibilityGlobals) = postSolution
		SolutionGuid = {2FF3ADC1-3218-47C7-964B-F9696E5AC06A}
	EndGlobalSection
EndGlobal
